// !$*UTF8*$!
{
	archiveVersion = 1;
	classes = {
	};
	objectVersion = 46;
	objects = {

/* Begin PBXBuildFile section */
		5512CB01B1F63C010E4FF0D7 /* libPods-FrameWorksDemo.a in Frameworks */ = {isa = PBXBuildFile; fileRef = D04A699174AC071239D82CDD /* libPods-FrameWorksDemo.a */; };
		C40895291DDBFADA0083184B /* main.m in Sources */ = {isa = PBXBuildFile; fileRef = C40895281DDBFADA0083184B /* main.m */; };
		C408952C1DDBFADA0083184B /* AppDelegate.m in Sources */ = {isa = PBXBuildFile; fileRef = C408952B1DDBFADA0083184B /* AppDelegate.m */; };
		C40895321DDBFADA0083184B /* Main.storyboard in Resources */ = {isa = PBXBuildFile; fileRef = C40895301DDBFADA0083184B /* Main.storyboard */; };
		C40895341DDBFADA0083184B /* Assets.xcassets in Resources */ = {isa = PBXBuildFile; fileRef = C40895331DDBFADA0083184B /* Assets.xcassets */; };
		C40895371DDBFADA0083184B /* LaunchScreen.storyboard in Resources */ = {isa = PBXBuildFile; fileRef = C40895351DDBFADA0083184B /* LaunchScreen.storyboard */; };
		C40895411DDBFB590083184B /* JRMainViewController.m in Sources */ = {isa = PBXBuildFile; fileRef = C40895401DDBFB590083184B /* JRMainViewController.m */; };
/* End PBXBuildFile section */

/* Begin PBXFileReference section */
		3C08D0E945796DA00E37B6E7 /* Pods-FrameWorksDemo.release.xcconfig */ = {isa = PBXFileReference; includeInIndex = 1; lastKnownFileType = text.xcconfig; name = "Pods-FrameWorksDemo.release.xcconfig"; path = "Pods/Target Support Files/Pods-FrameWorksDemo/Pods-FrameWorksDemo.release.xcconfig"; sourceTree = "<group>"; };
		9A654DF8266F3405AC41A3F8 /* Pods-FrameWorksDemo.debug.xcconfig */ = {isa = PBXFileReference; includeInIndex = 1; lastKnownFileType = text.xcconfig; name = "Pods-FrameWorksDemo.debug.xcconfig"; path = "Pods/Target Support Files/Pods-FrameWorksDemo/Pods-FrameWorksDemo.debug.xcconfig"; sourceTree = "<group>"; };
		C40895241DDBFADA0083184B /* FrameWorksDemo.app */ = {isa = PBXFileReference; explicitFileType = wrapper.application; includeInIndex = 0; path = FrameWorksDemo.app; sourceTree = BUILT_PRODUCTS_DIR; };
		C40895281DDBFADA0083184B /* main.m */ = {isa = PBXFileReference; lastKnownFileType = sourcecode.c.objc; path = main.m; sourceTree = "<group>"; };
		C408952A1DDBFADA0083184B /* AppDelegate.h */ = {isa = PBXFileReference; lastKnownFileType = sourcecode.c.h; path = AppDelegate.h; sourceTree = "<group>"; };
		C408952B1DDBFADA0083184B /* AppDelegate.m */ = {isa = PBXFileReference; lastKnownFileType = sourcecode.c.objc; path = AppDelegate.m; sourceTree = "<group>"; };
		C40895311DDBFADA0083184B /* Base */ = {isa = PBXFileReference; lastKnownFileType = file.storyboard; name = Base; path = Base.lproj/Main.storyboard; sourceTree = "<group>"; };
		C40895331DDBFADA0083184B /* Assets.xcassets */ = {isa = PBXFileReference; lastKnownFileType = folder.assetcatalog; path = Assets.xcassets; sourceTree = "<group>"; };
		C40895361DDBFADA0083184B /* Base */ = {isa = PBXFileReference; lastKnownFileType = file.storyboard; name = Base; path = Base.lproj/LaunchScreen.storyboard; sourceTree = "<group>"; };
		C40895381DDBFADA0083184B /* Info.plist */ = {isa = PBXFileReference; lastKnownFileType = text.plist.xml; path = Info.plist; sourceTree = "<group>"; };
		C408953F1DDBFB590083184B /* JRMainViewController.h */ = {isa = PBXFileReference; fileEncoding = 4; lastKnownFileType = sourcecode.c.h; path = JRMainViewController.h; sourceTree = "<group>"; };
		C40895401DDBFB590083184B /* JRMainViewController.m */ = {isa = PBXFileReference; fileEncoding = 4; lastKnownFileType = sourcecode.c.objc; path = JRMainViewController.m; sourceTree = "<group>"; };
		D04A699174AC071239D82CDD /* libPods-FrameWorksDemo.a */ = {isa = PBXFileReference; explicitFileType = archive.ar; includeInIndex = 0; path = "libPods-FrameWorksDemo.a"; sourceTree = BUILT_PRODUCTS_DIR; };
/* End PBXFileReference section */

/* Begin PBXFrameworksBuildPhase section */
		C40895211DDBFADA0083184B /* Frameworks */ = {
			isa = PBXFrameworksBuildPhase;
			buildActionMask = 2147483647;
			files = (
				5512CB01B1F63C010E4FF0D7 /* libPods-FrameWorksDemo.a in Frameworks */,
			);
			runOnlyForDeploymentPostprocessing = 0;
		};
/* End PBXFrameworksBuildPhase section */

/* Begin PBXGroup section */
		39C4902A93CE007B7485F1B4 /* Pods */ = {
			isa = PBXGroup;
			children = (
				9A654DF8266F3405AC41A3F8 /* Pods-FrameWorksDemo.debug.xcconfig */,
				3C08D0E945796DA00E37B6E7 /* Pods-FrameWorksDemo.release.xcconfig */,
			);
			name = Pods;
			sourceTree = "<group>";
		};
		C408951B1DDBFADA0083184B = {
			isa = PBXGroup;
			children = (
				C40895261DDBFADA0083184B /* FrameWorksDemo */,
				C40895251DDBFADA0083184B /* Products */,
				39C4902A93CE007B7485F1B4 /* Pods */,
				EEAB74C109A2D82B425C5279 /* Frameworks */,
			);
			sourceTree = "<group>";
		};
		C40895251DDBFADA0083184B /* Products */ = {
			isa = PBXGroup;
			children = (
				C40895241DDBFADA0083184B /* FrameWorksDemo.app */,
			);
			name = Products;
			sourceTree = "<group>";
		};
		C40895261DDBFADA0083184B /* FrameWorksDemo */ = {
			isa = PBXGroup;
			children = (
				C408952A1DDBFADA0083184B /* AppDelegate.h */,
				C408952B1DDBFADA0083184B /* AppDelegate.m */,
				C408953E1DDBFB4C0083184B /* ModuleClasses */,
				C40895271DDBFADA0083184B /* Supporting Files */,
			);
			path = FrameWorksDemo;
			sourceTree = "<group>";
		};
		C40895271DDBFADA0083184B /* Supporting Files */ = {
			isa = PBXGroup;
			children = (
				C40895301DDBFADA0083184B /* Main.storyboard */,
				C40895331DDBFADA0083184B /* Assets.xcassets */,
				C40895351DDBFADA0083184B /* LaunchScreen.storyboard */,
				C40895381DDBFADA0083184B /* Info.plist */,
				C40895281DDBFADA0083184B /* main.m */,
			);
			name = "Supporting Files";
			sourceTree = "<group>";
		};
		C408953E1DDBFB4C0083184B /* ModuleClasses */ = {
			isa = PBXGroup;
			children = (
				C408953F1DDBFB590083184B /* JRMainViewController.h */,
				C40895401DDBFB590083184B /* JRMainViewController.m */,
			);
			path = ModuleClasses;
			sourceTree = "<group>";
		};
		EEAB74C109A2D82B425C5279 /* Frameworks */ = {
			isa = PBXGroup;
			children = (
				D04A699174AC071239D82CDD /* libPods-FrameWorksDemo.a */,
			);
			name = Frameworks;
			sourceTree = "<group>";
		};
/* End PBXGroup section */

/* Begin PBXNativeTarget section */
		C40895231DDBFADA0083184B /* FrameWorksDemo */ = {
			isa = PBXNativeTarget;
			buildConfigurationList = C408953B1DDBFADA0083184B /* Build configuration list for PBXNativeTarget "FrameWorksDemo" */;
			buildPhases = (
				A428A0FBD22EEFC8C096E3AA /* [CP] Check Pods Manifest.lock */,
				C40895201DDBFADA0083184B /* Sources */,
				C40895211DDBFADA0083184B /* Frameworks */,
				C40895221DDBFADA0083184B /* Resources */,
				3B7C5B496607978FF92F9F21 /* [CP] Embed Pods Frameworks */,
				9D09B5A02C292D873DDB21AE /* [CP] Copy Pods Resources */,
			);
			buildRules = (
			);
			dependencies = (
			);
			name = FrameWorksDemo;
			productName = FrameWorksDemo;
			productReference = C40895241DDBFADA0083184B /* FrameWorksDemo.app */;
			productType = "com.apple.product-type.application";
		};
/* End PBXNativeTarget section */

/* Begin PBXProject section */
		C408951C1DDBFADA0083184B /* Project object */ = {
			isa = PBXProject;
			attributes = {
				CLASSPREFIX = JR;
				LastUpgradeCheck = 0810;
				ORGANIZATIONNAME = "王潇";
				TargetAttributes = {
					C40895231DDBFADA0083184B = {
						CreatedOnToolsVersion = 8.1;
						ProvisioningStyle = Automatic;
					};
				};
			};
			buildConfigurationList = C408951F1DDBFADA0083184B /* Build configuration list for PBXProject "FrameWorksDemo" */;
			compatibilityVersion = "Xcode 3.2";
			developmentRegion = English;
			hasScannedForEncodings = 0;
			knownRegions = (
				en,
				Base,
			);
			mainGroup = C408951B1DDBFADA0083184B;
			productRefGroup = C40895251DDBFADA0083184B /* Products */;
			projectDirPath = "";
			projectRoot = "";
			targets = (
				C40895231DDBFADA0083184B /* FrameWorksDemo */,
			);
		};
/* End PBXProject section */

/* Begin PBXResourcesBuildPhase section */
		C40895221DDBFADA0083184B /* Resources */ = {
			isa = PBXResourcesBuildPhase;
			buildActionMask = 2147483647;
			files = (
				C40895371DDBFADA0083184B /* LaunchScreen.storyboard in Resources */,
				C40895341DDBFADA0083184B /* Assets.xcassets in Resources */,
				C40895321DDBFADA0083184B /* Main.storyboard in Resources */,
			);
			runOnlyForDeploymentPostprocessing = 0;
		};
/* End PBXResourcesBuildPhase section */

/* Begin PBXShellScriptBuildPhase section */
		3B7C5B496607978FF92F9F21 /* [CP] Embed Pods Frameworks */ = {
			isa = PBXShellScriptBuildPhase;
			buildActionMask = 2147483647;
			files = (
			);
			inputPaths = (
			);
			name = "[CP] Embed Pods Frameworks";
			outputPaths = (
			);
			runOnlyForDeploymentPostprocessing = 0;
			shellPath = /bin/sh;
			shellScript = "\"${SRCROOT}/Pods/Target Support Files/Pods-FrameWorksDemo/Pods-FrameWorksDemo-frameworks.sh\"\n";
			showEnvVarsInLog = 0;
		};
		9D09B5A02C292D873DDB21AE /* [CP] Copy Pods Resources */ = {
			isa = PBXShellScriptBuildPhase;
			buildActionMask = 2147483647;
			files = (
			);
			inputPaths = (
			);
			name = "[CP] Copy Pods Resources";
			outputPaths = (
			);
			runOnlyForDeploymentPostprocessing = 0;
			shellPath = /bin/sh;
			shellScript = "\"${SRCROOT}/Pods/Target Support Files/Pods-FrameWorksDemo/Pods-FrameWorksDemo-resources.sh\"\n";
			showEnvVarsInLog = 0;
		};
		A428A0FBD22EEFC8C096E3AA /* [CP] Check Pods Manifest.lock */ = {
			isa = PBXShellScriptBuildPhase;
			buildActionMask = 2147483647;
			files = (
			);
			inputPaths = (
			);
			name = "[CP] Check Pods Manifest.lock";
			outputPaths = (
			);
			runOnlyForDeploymentPostprocessing = 0;
			shellPath = /bin/sh;
			shellScript = "diff \"${PODS_ROOT}/../Podfile.lock\" \"${PODS_ROOT}/Manifest.lock\" > /dev/null\nif [ $? != 0 ] ; then\n    # print error to STDERR\n    echo \"error: The sandbox is not in sync with the Podfile.lock. Run 'pod install' or update your CocoaPods installation.\" >&2\n    exit 1\nfi\n";
			showEnvVarsInLog = 0;
		};
/* End PBXShellScriptBuildPhase section */

/* Begin PBXSourcesBuildPhase section */
		C40895201DDBFADA0083184B /* Sources */ = {
			isa = PBXSourcesBuildPhase;
			buildActionMask = 2147483647;
			files = (
				C408952C1DDBFADA0083184B /* AppDelegate.m in Sources */,
				C40895411DDBFB590083184B /* JRMainViewController.m in Sources */,
				C40895291DDBFADA0083184B /* main.m in Sources */,
			);
			runOnlyForDeploymentPostprocessing = 0;
		};
/* End PBXSourcesBuildPhase section */

/* Begin PBXVariantGroup section */
		C40895301DDBFADA0083184B /* Main.storyboard */ = {
			isa = PBXVariantGroup;
			children = (
				C40895311DDBFADA0083184B /* Base */,
			);
			name = Main.storyboard;
			sourceTree = "<group>";
		};
		C40895351DDBFADA0083184B /* LaunchScreen.storyboard */ = {
			isa = PBXVariantGroup;
			children = (
				C40895361DDBFADA0083184B /* Base */,
			);
			name = LaunchScreen.storyboard;
			sourceTree = "<group>";
		};
/* End PBXVariantGroup section */

/* Begin XCBuildConfiguration section */
		C40895391DDBFADA0083184B /* Debug */ = {
			isa = XCBuildConfiguration;
			buildSettings = {
				ALWAYS_SEARCH_USER_PATHS = NO;
				CLANG_ANALYZER_NONNULL = YES;
				CLANG_CXX_LANGUAGE_STANDARD = "gnu++0x";
				CLANG_CXX_LIBRARY = "libc++";
				CLANG_ENABLE_MODULES = YES;
				CLANG_ENABLE_OBJC_ARC = YES;
				CLANG_WARN_BOOL_CONVERSION = YES;
				CLANG_WARN_CONSTANT_CONVERSION = YES;
				CLANG_WARN_DIRECT_OBJC_ISA_USAGE = YES_ERROR;
				CLANG_WARN_DOCUMENTATION_COMMENTS = YES;
				CLANG_WARN_EMPTY_BODY = YES;
				CLANG_WARN_ENUM_CONVERSION = YES;
				CLANG_WARN_INFINITE_RECURSION = YES;
				CLANG_WARN_INT_CONVERSION = YES;
				CLANG_WARN_OBJC_ROOT_CLASS = YES_ERROR;
				CLANG_WARN_SUSPICIOUS_MOVES = YES;
				CLANG_WARN_UNREACHABLE_CODE = YES;
				CLANG_WARN__DUPLICATE_METHOD_MATCH = YES;
				"CODE_SIGN_IDENTITY[sdk=iphoneos*]" = "iPhone Developer";
				COPY_PHASE_STRIP = NO;
				DEBUG_INFORMATION_FORMAT = dwarf;
				ENABLE_STRICT_OBJC_MSGSEND = YES;
				ENABLE_TESTABILITY = YES;
				GCC_C_LANGUAGE_STANDARD = gnu99;
				GCC_DYNAMIC_NO_PIC = NO;
				GCC_NO_COMMON_BLOCKS = YES;
				GCC_OPTIMIZATION_LEVEL = 0;
				GCC_PREPROCESSOR_DEFINITIONS = (
					"DEBUG=1",
					"$(inherited)",
				);
				GCC_WARN_64_TO_32_BIT_CONVERSION = YES;
				GCC_WARN_ABOUT_RETURN_TYPE = YES_ERROR;
				GCC_WARN_UNDECLARED_SELECTOR = YES;
				GCC_WARN_UNINITIALIZED_AUTOS = YES_AGGRESSIVE;
				GCC_WARN_UNUSED_FUNCTION = YES;
				GCC_WARN_UNUSED_VARIABLE = YES;
				IPHONEOS_DEPLOYMENT_TARGET = 10.1;
				MTL_ENABLE_DEBUG_INFO = YES;
				ONLY_ACTIVE_ARCH = YES;
				SDKROOT = iphoneos;
				TARGETED_DEVICE_FAMILY = "1,2";
			};
			name = Debug;
		};
		C408953A1DDBFADA0083184B /* Release */ = {
			isa = XCBuildConfiguration;
			buildSettings = {
				ALWAYS_SEARCH_USER_PATHS = NO;
				CLANG_ANALYZER_NONNULL = YES;
				CLANG_CXX_LANGUAGE_STANDARD = "gnu++0x";
				CLANG_CXX_LIBRARY = "libc++";
				CLANG_ENABLE_MODULES = YES;
				CLANG_ENABLE_OBJC_ARC = YES;
				CLANG_WARN_BOOL_CONVERSION = YES;
				CLANG_WARN_CONSTANT_CONVERSION = YES;
				CLANG_WARN_DIRECT_OBJC_ISA_USAGE = YES_ERROR;
				CLANG_WARN_DOCUMENTATION_COMMENTS = YES;
				CLANG_WARN_EMPTY_BODY = YES;
				CLANG_WARN_ENUM_CONVERSION = YES;
				CLANG_WARN_INFINITE_RECURSION = YES;
				CLANG_WARN_INT_CONVERSION = YES;
				CLANG_WARN_OBJC_ROOT_CLASS = YES_ERROR;
				CLANG_WARN_SUSPICIOUS_MOVES = YES;
				CLANG_WARN_UNREACHABLE_CODE = YES;
				CLANG_WARN__DUPLICATE_METHOD_MATCH = YES;
				"CODE_SIGN_IDENTITY[sdk=iphoneos*]" = "iPhone Developer";
				COPY_PHASE_STRIP = NO;
				DEBUG_INFORMATION_FORMAT = "dwarf-with-dsym";
				ENABLE_NS_ASSERTIONS = NO;
				ENABLE_STRICT_OBJC_MSGSEND = YES;
				GCC_C_LANGUAGE_STANDARD = gnu99;
				GCC_NO_COMMON_BLOCKS = YES;
				GCC_WARN_64_TO_32_BIT_CONVERSION = YES;
				GCC_WARN_ABOUT_RETURN_TYPE = YES_ERROR;
				GCC_WARN_UNDECLARED_SELECTOR = YES;
				GCC_WARN_UNINITIALIZED_AUTOS = YES_AGGRESSIVE;
				GCC_WARN_UNUSED_FUNCTION = YES;
				GCC_WARN_UNUSED_VARIABLE = YES;
				IPHONEOS_DEPLOYMENT_TARGET = 10.1;
				MTL_ENABLE_DEBUG_INFO = NO;
				SDKROOT = iphoneos;
				TARGETED_DEVICE_FAMILY = "1,2";
				VALIDATE_PRODUCT = YES;
			};
			name = Release;
		};
		C408953C1DDBFADA0083184B /* Debug */ = {
			isa = XCBuildConfiguration;
			baseConfigurationReference = 9A654DF8266F3405AC41A3F8 /* Pods-FrameWorksDemo.debug.xcconfig */;
			buildSettings = {
				ASSETCATALOG_COMPILER_APPICON_NAME = AppIcon;
				INFOPLIST_FILE = FrameWorksDemo/Info.plist;
				IPHONEOS_DEPLOYMENT_TARGET = 8.0;
				LD_RUNPATH_SEARCH_PATHS = "$(inherited) @executable_path/Frameworks";
				PRODUCT_BUNDLE_IDENTIFIER = com.jerry.FrameWorksDemo;
				PRODUCT_NAME = "$(TARGET_NAME)";
			};
			name = Debug;
		};
		C408953D1DDBFADA0083184B /* Release */ = {
			isa = XCBuildConfiguration;
			baseConfigurationReference = 3C08D0E945796DA00E37B6E7 /* Pods-FrameWorksDemo.release.xcconfig */;
			buildSettings = {
				ASSETCATALOG_COMPILER_APPICON_NAME = AppIcon;
				INFOPLIST_FILE = FrameWorksDemo/Info.plist;
				IPHONEOS_DEPLOYMENT_TARGET = 8.0;
				LD_RUNPATH_SEARCH_PATHS = "$(inherited) @executable_path/Frameworks";
				PRODUCT_BUNDLE_IDENTIFIER = com.jerry.FrameWorksDemo;
				PRODUCT_NAME = "$(TARGET_NAME)";
			};
			name = Release;
		};
/* End XCBuildConfiguration section */

/* Begin XCConfigurationList section */
		C408951F1DDBFADA0083184B /* Build configuration list for PBXProject "FrameWorksDemo" */ = {
			isa = XCConfigurationList;
			buildConfigurations = (
				C40895391DDBFADA0083184B /* Debug */,
				C408953A1DDBFADA0083184B /* Release */,
			);
			defaultConfigurationIsVisible = 0;
			defaultConfigurationName = Release;
		};
		C408953B1DDBFADA0083184B /* Build configuration list for PBXNativeTarget "FrameWorksDemo" */ = {
			isa = XCConfigurationList;
			buildConfigurations = (
				C408953C1DDBFADA0083184B /* Debug */,
				C408953D1DDBFADA0083184B /* Release */,
			);
			defaultConfigurationIsVisible = 0;
			defaultConfigurationName = Release;
		};
/* End XCConfigurationList section */
	};
	rootObject = C408951C1DDBFADA0083184B /* Project object */;
}
